// !$*UTF8*$!
{
	archiveVersion = 1;
	classes = {
	};
	objectVersion = 51;
	objects = {

/* Begin PBXBuildFile section */
		3CBF74275C07E8B67EC43F05 /* Pods_CITestUITests.framework in Frameworks */ = {isa = PBXBuildFile; fileRef = BBF2D7DF67BBB60C52BD3411 /* Pods_CITestUITests.framework */; };
		75BCF6B87E9452F05AD2EA55 /* Pods_CITestTests.framework in Frameworks */ = {isa = PBXBuildFile; fileRef = 5FA3250972046D24C81CE841 /* Pods_CITestTests.framework */; };
		84D8A56E22B77FF9005BEFBE /* AppDelegate.swift in Sources */ = {isa = PBXBuildFile; fileRef = 84D8A56D22B77FF9005BEFBE /* AppDelegate.swift */; };
		84D8A57022B77FF9005BEFBE /* ViewController.swift in Sources */ = {isa = PBXBuildFile; fileRef = 84D8A56F22B77FF9005BEFBE /* ViewController.swift */; };
		84D8A57322B77FF9005BEFBE /* Main.storyboard in Resources */ = {isa = PBXBuildFile; fileRef = 84D8A57122B77FF9005BEFBE /* Main.storyboard */; };
		84D8A57522B77FFB005BEFBE /* Assets.xcassets in Resources */ = {isa = PBXBuildFile; fileRef = 84D8A57422B77FFB005BEFBE /* Assets.xcassets */; };
		84D8A57822B77FFB005BEFBE /* LaunchScreen.storyboard in Resources */ = {isa = PBXBuildFile; fileRef = 84D8A57622B77FFB005BEFBE /* LaunchScreen.storyboard */; };
		84D8A58322B77FFB005BEFBE /* CITestTests.swift in Sources */ = {isa = PBXBuildFile; fileRef = 84D8A58222B77FFB005BEFBE /* CITestTests.swift */; };
		84D8A58E22B77FFB005BEFBE /* CITestUITests.swift in Sources */ = {isa = PBXBuildFile; fileRef = 84D8A58D22B77FFB005BEFBE /* CITestUITests.swift */; };
		84D8A59C22B7861B005BEFBE /* Api.swift in Sources */ = {isa = PBXBuildFile; fileRef = 84D8A59B22B7861B005BEFBE /* Api.swift */; };
		87AFEF7201DDBAC8134E91D9 /* Pods_CITest.framework in Frameworks */ = {isa = PBXBuildFile; fileRef = 9C4DBA8E3B166AE8CF0EEE92 /* Pods_CITest.framework */; };
/* End PBXBuildFile section */

/* Begin PBXContainerItemProxy section */
		84D8A57F22B77FFB005BEFBE /* PBXContainerItemProxy */ = {
			isa = PBXContainerItemProxy;
			containerPortal = 84D8A56222B77FF9005BEFBE /* Project object */;
			proxyType = 1;
			remoteGlobalIDString = 84D8A56922B77FF9005BEFBE;
			remoteInfo = CITest;
		};
		84D8A58A22B77FFB005BEFBE /* PBXContainerItemProxy */ = {
			isa = PBXContainerItemProxy;
			containerPortal = 84D8A56222B77FF9005BEFBE /* Project object */;
			proxyType = 1;
			remoteGlobalIDString = 84D8A56922B77FF9005BEFBE;
			remoteInfo = CITest;
		};
/* End PBXContainerItemProxy section */

/* Begin PBXFileReference section */
		29DF7E50C760370C71D73FFF /* Pods-CITestTests.release.xcconfig */ = {isa = PBXFileReference; includeInIndex = 1; lastKnownFileType = text.xcconfig; name = "Pods-CITestTests.release.xcconfig"; path = "Target Support Files/Pods-CITestTests/Pods-CITestTests.release.xcconfig"; sourceTree = "<group>"; };
		332CFEDA498D06CFA889FF5C /* Pods-CITest.debug.xcconfig */ = {isa = PBXFileReference; includeInIndex = 1; lastKnownFileType = text.xcconfig; name = "Pods-CITest.debug.xcconfig"; path = "Target Support Files/Pods-CITest/Pods-CITest.debug.xcconfig"; sourceTree = "<group>"; };
		4245A74BA65E8F262ACFA32F /* Pods-CITestTests.debug.xcconfig */ = {isa = PBXFileReference; includeInIndex = 1; lastKnownFileType = text.xcconfig; name = "Pods-CITestTests.debug.xcconfig"; path = "Target Support Files/Pods-CITestTests/Pods-CITestTests.debug.xcconfig"; sourceTree = "<group>"; };
		4AC077ADC0C8A545CF7CA565 /* Pods-CITestUITests.release.xcconfig */ = {isa = PBXFileReference; includeInIndex = 1; lastKnownFileType = text.xcconfig; name = "Pods-CITestUITests.release.xcconfig"; path = "Target Support Files/Pods-CITestUITests/Pods-CITestUITests.release.xcconfig"; sourceTree = "<group>"; };
		5FA3250972046D24C81CE841 /* Pods_CITestTests.framework */ = {isa = PBXFileReference; explicitFileType = wrapper.framework; includeInIndex = 0; path = Pods_CITestTests.framework; sourceTree = BUILT_PRODUCTS_DIR; };
		84D8A56A22B77FF9005BEFBE /* CITest.app */ = {isa = PBXFileReference; explicitFileType = wrapper.application; includeInIndex = 0; path = CITest.app; sourceTree = BUILT_PRODUCTS_DIR; };
		84D8A56D22B77FF9005BEFBE /* AppDelegate.swift */ = {isa = PBXFileReference; lastKnownFileType = sourcecode.swift; path = AppDelegate.swift; sourceTree = "<group>"; };
		84D8A56F22B77FF9005BEFBE /* ViewController.swift */ = {isa = PBXFileReference; lastKnownFileType = sourcecode.swift; path = ViewController.swift; sourceTree = "<group>"; };
		84D8A57222B77FF9005BEFBE /* Base */ = {isa = PBXFileReference; lastKnownFileType = file.storyboard; name = Base; path = Base.lproj/Main.storyboard; sourceTree = "<group>"; };
		84D8A57422B77FFB005BEFBE /* Assets.xcassets */ = {isa = PBXFileReference; lastKnownFileType = folder.assetcatalog; path = Assets.xcassets; sourceTree = "<group>"; };
		84D8A57722B77FFB005BEFBE /* Base */ = {isa = PBXFileReference; lastKnownFileType = file.storyboard; name = Base; path = Base.lproj/LaunchScreen.storyboard; sourceTree = "<group>"; };
		84D8A57922B77FFB005BEFBE /* Info.plist */ = {isa = PBXFileReference; lastKnownFileType = text.plist.xml; path = Info.plist; sourceTree = "<group>"; };
		84D8A57E22B77FFB005BEFBE /* CITestTests.xctest */ = {isa = PBXFileReference; explicitFileType = wrapper.cfbundle; includeInIndex = 0; path = CITestTests.xctest; sourceTree = BUILT_PRODUCTS_DIR; };
		84D8A58222B77FFB005BEFBE /* CITestTests.swift */ = {isa = PBXFileReference; lastKnownFileType = sourcecode.swift; path = CITestTests.swift; sourceTree = "<group>"; };
		84D8A58422B77FFB005BEFBE /* Info.plist */ = {isa = PBXFileReference; lastKnownFileType = text.plist.xml; path = Info.plist; sourceTree = "<group>"; };
		84D8A58922B77FFB005BEFBE /* CITestUITests.xctest */ = {isa = PBXFileReference; explicitFileType = wrapper.cfbundle; includeInIndex = 0; path = CITestUITests.xctest; sourceTree = BUILT_PRODUCTS_DIR; };
		84D8A58D22B77FFB005BEFBE /* CITestUITests.swift */ = {isa = PBXFileReference; lastKnownFileType = sourcecode.swift; path = CITestUITests.swift; sourceTree = "<group>"; };
		84D8A58F22B77FFB005BEFBE /* Info.plist */ = {isa = PBXFileReference; lastKnownFileType = text.plist.xml; path = Info.plist; sourceTree = "<group>"; };
		84D8A59B22B7861B005BEFBE /* Api.swift */ = {isa = PBXFileReference; lastKnownFileType = sourcecode.swift; path = Api.swift; sourceTree = "<group>"; };
		9C4DBA8E3B166AE8CF0EEE92 /* Pods_CITest.framework */ = {isa = PBXFileReference; explicitFileType = wrapper.framework; includeInIndex = 0; path = Pods_CITest.framework; sourceTree = BUILT_PRODUCTS_DIR; };
		BBF2D7DF67BBB60C52BD3411 /* Pods_CITestUITests.framework */ = {isa = PBXFileReference; explicitFileType = wrapper.framework; includeInIndex = 0; path = Pods_CITestUITests.framework; sourceTree = BUILT_PRODUCTS_DIR; };
		E036DFAFF5B6E72867D3DF14 /* Pods-CITest.release.xcconfig */ = {isa = PBXFileReference; includeInIndex = 1; lastKnownFileType = text.xcconfig; name = "Pods-CITest.release.xcconfig"; path = "Target Support Files/Pods-CITest/Pods-CITest.release.xcconfig"; sourceTree = "<group>"; };
		ED3FC49960B3FC21334EFBCB /* Pods-CITestUITests.debug.xcconfig */ = {isa = PBXFileReference; includeInIndex = 1; lastKnownFileType = text.xcconfig; name = "Pods-CITestUITests.debug.xcconfig"; path = "Target Support Files/Pods-CITestUITests/Pods-CITestUITests.debug.xcconfig"; sourceTree = "<group>"; };
/* End PBXFileReference section */

/* Begin PBXFrameworksBuildPhase section */
		84D8A56722B77FF9005BEFBE /* Frameworks */ = {
			isa = PBXFrameworksBuildPhase;
			buildActionMask = 2147483647;
			files = (
				87AFEF7201DDBAC8134E91D9 /* Pods_CITest.framework in Frameworks */,
			);
			runOnlyForDeploymentPostprocessing = 0;
		};
		84D8A57B22B77FFB005BEFBE /* Frameworks */ = {
			isa = PBXFrameworksBuildPhase;
			buildActionMask = 2147483647;
			files = (
				75BCF6B87E9452F05AD2EA55 /* Pods_CITestTests.framework in Frameworks */,
			);
			runOnlyForDeploymentPostprocessing = 0;
		};
		84D8A58622B77FFB005BEFBE /* Frameworks */ = {
			isa = PBXFrameworksBuildPhase;
			buildActionMask = 2147483647;
			files = (
				3CBF74275C07E8B67EC43F05 /* Pods_CITestUITests.framework in Frameworks */,
			);
			runOnlyForDeploymentPostprocessing = 0;
		};
/* End PBXFrameworksBuildPhase section */

/* Begin PBXGroup section */
		049E875D9BEE3327941C151A /* Pods */ = {
			isa = PBXGroup;
			children = (
				332CFEDA498D06CFA889FF5C /* Pods-CITest.debug.xcconfig */,
				E036DFAFF5B6E72867D3DF14 /* Pods-CITest.release.xcconfig */,
				4245A74BA65E8F262ACFA32F /* Pods-CITestTests.debug.xcconfig */,
				29DF7E50C760370C71D73FFF /* Pods-CITestTests.release.xcconfig */,
				ED3FC49960B3FC21334EFBCB /* Pods-CITestUITests.debug.xcconfig */,
				4AC077ADC0C8A545CF7CA565 /* Pods-CITestUITests.release.xcconfig */,
			);
			path = Pods;
			sourceTree = "<group>";
		};
		84D8A56122B77FF9005BEFBE = {
			isa = PBXGroup;
			children = (
				84D8A56C22B77FF9005BEFBE /* CITest */,
				84D8A58122B77FFB005BEFBE /* CITestTests */,
				84D8A58C22B77FFB005BEFBE /* CITestUITests */,
				84D8A56B22B77FF9005BEFBE /* Products */,
				049E875D9BEE3327941C151A /* Pods */,
				9EE783597D4334799840F275 /* Frameworks */,
			);
			sourceTree = "<group>";
		};
		84D8A56B22B77FF9005BEFBE /* Products */ = {
			isa = PBXGroup;
			children = (
				84D8A56A22B77FF9005BEFBE /* CITest.app */,
				84D8A57E22B77FFB005BEFBE /* CITestTests.xctest */,
				84D8A58922B77FFB005BEFBE /* CITestUITests.xctest */,
			);
			name = Products;
			sourceTree = "<group>";
		};
		84D8A56C22B77FF9005BEFBE /* CITest */ = {
			isa = PBXGroup;
			children = (
				84D8A56D22B77FF9005BEFBE /* AppDelegate.swift */,
				84D8A56F22B77FF9005BEFBE /* ViewController.swift */,
				84D8A57122B77FF9005BEFBE /* Main.storyboard */,
				84D8A57422B77FFB005BEFBE /* Assets.xcassets */,
				84D8A57622B77FFB005BEFBE /* LaunchScreen.storyboard */,
				84D8A57922B77FFB005BEFBE /* Info.plist */,
				84D8A59B22B7861B005BEFBE /* Api.swift */,
			);
			path = CITest;
			sourceTree = "<group>";
		};
		84D8A58122B77FFB005BEFBE /* CITestTests */ = {
			isa = PBXGroup;
			children = (
				84D8A58222B77FFB005BEFBE /* CITestTests.swift */,
				84D8A58422B77FFB005BEFBE /* Info.plist */,
			);
			path = CITestTests;
			sourceTree = "<group>";
		};
		84D8A58C22B77FFB005BEFBE /* CITestUITests */ = {
			isa = PBXGroup;
			children = (
				84D8A58D22B77FFB005BEFBE /* CITestUITests.swift */,
				84D8A58F22B77FFB005BEFBE /* Info.plist */,
			);
			path = CITestUITests;
			sourceTree = "<group>";
		};
		9EE783597D4334799840F275 /* Frameworks */ = {
			isa = PBXGroup;
			children = (
				9C4DBA8E3B166AE8CF0EEE92 /* Pods_CITest.framework */,
				5FA3250972046D24C81CE841 /* Pods_CITestTests.framework */,
				BBF2D7DF67BBB60C52BD3411 /* Pods_CITestUITests.framework */,
			);
			name = Frameworks;
			sourceTree = "<group>";
		};
/* End PBXGroup section */

/* Begin PBXNativeTarget section */
		84D8A56922B77FF9005BEFBE /* CITest */ = {
			isa = PBXNativeTarget;
			buildConfigurationList = 84D8A59222B77FFB005BEFBE /* Build configuration list for PBXNativeTarget "CITest" */;
			buildPhases = (
				1F3B3239D5FF3898177B477F /* [CP] Check Pods Manifest.lock */,
				84D8A56622B77FF9005BEFBE /* Sources */,
				84D8A56722B77FF9005BEFBE /* Frameworks */,
				84D8A56822B77FF9005BEFBE /* Resources */,
				C5DBDA8D0B5264F4727A362B /* [CP] Embed Pods Frameworks */,
			);
			buildRules = (
			);
			dependencies = (
			);
			name = CITest;
			productName = CITest;
			productReference = 84D8A56A22B77FF9005BEFBE /* CITest.app */;
			productType = "com.apple.product-type.application";
		};
		84D8A57D22B77FFB005BEFBE /* CITestTests */ = {
			isa = PBXNativeTarget;
			buildConfigurationList = 84D8A59522B77FFB005BEFBE /* Build configuration list for PBXNativeTarget "CITestTests" */;
			buildPhases = (
				79EC31ABD11DA5556DB82B31 /* [CP] Check Pods Manifest.lock */,
				84D8A57A22B77FFB005BEFBE /* Sources */,
				84D8A57B22B77FFB005BEFBE /* Frameworks */,
				84D8A57C22B77FFB005BEFBE /* Resources */,
			);
			buildRules = (
			);
			dependencies = (
				84D8A58022B77FFB005BEFBE /* PBXTargetDependency */,
			);
			name = CITestTests;
			productName = CITestTests;
			productReference = 84D8A57E22B77FFB005BEFBE /* CITestTests.xctest */;
			productType = "com.apple.product-type.bundle.unit-test";
		};
		84D8A58822B77FFB005BEFBE /* CITestUITests */ = {
			isa = PBXNativeTarget;
			buildConfigurationList = 84D8A59822B77FFB005BEFBE /* Build configuration list for PBXNativeTarget "CITestUITests" */;
			buildPhases = (
				7A7B60BD7957389F92B008F9 /* [CP] Check Pods Manifest.lock */,
				84D8A58522B77FFB005BEFBE /* Sources */,
				84D8A58622B77FFB005BEFBE /* Frameworks */,
				84D8A58722B77FFB005BEFBE /* Resources */,
			);
			buildRules = (
			);
			dependencies = (
				84D8A58B22B77FFB005BEFBE /* PBXTargetDependency */,
			);
			name = CITestUITests;
			productName = CITestUITests;
			productReference = 84D8A58922B77FFB005BEFBE /* CITestUITests.xctest */;
			productType = "com.apple.product-type.bundle.ui-testing";
		};
/* End PBXNativeTarget section */

/* Begin PBXProject section */
		84D8A56222B77FF9005BEFBE /* Project object */ = {
			isa = PBXProject;
			attributes = {
				LastSwiftUpdateCheck = 1020;
				LastUpgradeCheck = 1020;
				ORGANIZATIONNAME = Admin;
				TargetAttributes = {
					84D8A56922B77FF9005BEFBE = {
						CreatedOnToolsVersion = 10.2.1;
					};
					84D8A57D22B77FFB005BEFBE = {
						CreatedOnToolsVersion = 10.2.1;
						TestTargetID = 84D8A56922B77FF9005BEFBE;
					};
					84D8A58822B77FFB005BEFBE = {
						CreatedOnToolsVersion = 10.2.1;
						TestTargetID = 84D8A56922B77FF9005BEFBE;
					};
				};
			};
			buildConfigurationList = 84D8A56522B77FF9005BEFBE /* Build configuration list for PBXProject "CITest" */;
			compatibilityVersion = "Xcode 9.3";
			developmentRegion = en;
			hasScannedForEncodings = 0;
			knownRegions = (
				en,
				Base,
			);
			mainGroup = 84D8A56122B77FF9005BEFBE;
			productRefGroup = 84D8A56B22B77FF9005BEFBE /* Products */;
			projectDirPath = "";
			projectRoot = "";
			targets = (
				84D8A56922B77FF9005BEFBE /* CITest */,
				84D8A57D22B77FFB005BEFBE /* CITestTests */,
				84D8A58822B77FFB005BEFBE /* CITestUITests */,
			);
		};
/* End PBXProject section */

/* Begin PBXResourcesBuildPhase section */
		84D8A56822B77FF9005BEFBE /* Resources */ = {
			isa = PBXResourcesBuildPhase;
			buildActionMask = 2147483647;
			files = (
				84D8A57822B77FFB005BEFBE /* LaunchScreen.storyboard in Resources */,
				84D8A57522B77FFB005BEFBE /* Assets.xcassets in Resources */,
				84D8A57322B77FF9005BEFBE /* Main.storyboard in Resources */,
			);
			runOnlyForDeploymentPostprocessing = 0;
		};
		84D8A57C22B77FFB005BEFBE /* Resources */ = {
			isa = PBXResourcesBuildPhase;
			buildActionMask = 2147483647;
			files = (
			);
			runOnlyForDeploymentPostprocessing = 0;
		};
		84D8A58722B77FFB005BEFBE /* Resources */ = {
			isa = PBXResourcesBuildPhase;
			buildActionMask = 2147483647;
			files = (
			);
			runOnlyForDeploymentPostprocessing = 0;
		};
/* End PBXResourcesBuildPhase section */

/* Begin PBXShellScriptBuildPhase section */
		1F3B3239D5FF3898177B477F /* [CP] Check Pods Manifest.lock */ = {
			isa = PBXShellScriptBuildPhase;
			buildActionMask = 2147483647;
			files = (
			);
			inputFileListPaths = (
			);
			inputPaths = (
				"${PODS_PODFILE_DIR_PATH}/Podfile.lock",
				"${PODS_ROOT}/Manifest.lock",
			);
			name = "[CP] Check Pods Manifest.lock";
			outputFileListPaths = (
			);
			outputPaths = (
				"$(DERIVED_FILE_DIR)/Pods-CITest-checkManifestLockResult.txt",
			);
			runOnlyForDeploymentPostprocessing = 0;
			shellPath = /bin/sh;
			shellScript = "diff \"${PODS_PODFILE_DIR_PATH}/Podfile.lock\" \"${PODS_ROOT}/Manifest.lock\" > /dev/null\nif [ $? != 0 ] ; then\n    # print error to STDERR\n    echo \"error: The sandbox is not in sync with the Podfile.lock. Run 'pod install' or update your CocoaPods installation.\" >&2\n    exit 1\nfi\n# This output is used by Xcode 'outputs' to avoid re-running this script phase.\necho \"SUCCESS\" > \"${SCRIPT_OUTPUT_FILE_0}\"\n";
			showEnvVarsInLog = 0;
		};
		79EC31ABD11DA5556DB82B31 /* [CP] Check Pods Manifest.lock */ = {
			isa = PBXShellScriptBuildPhase;
			buildActionMask = 2147483647;
			files = (
			);
			inputFileListPaths = (
			);
			inputPaths = (
				"${PODS_PODFILE_DIR_PATH}/Podfile.lock",
				"${PODS_ROOT}/Manifest.lock",
			);
			name = "[CP] Check Pods Manifest.lock";
			outputFileListPaths = (
			);
			outputPaths = (
				"$(DERIVED_FILE_DIR)/Pods-CITestTests-checkManifestLockResult.txt",
			);
			runOnlyForDeploymentPostprocessing = 0;
			shellPath = /bin/sh;
			shellScript = "diff \"${PODS_PODFILE_DIR_PATH}/Podfile.lock\" \"${PODS_ROOT}/Manifest.lock\" > /dev/null\nif [ $? != 0 ] ; then\n    # print error to STDERR\n    echo \"error: The sandbox is not in sync with the Podfile.lock. Run 'pod install' or update your CocoaPods installation.\" >&2\n    exit 1\nfi\n# This output is used by Xcode 'outputs' to avoid re-running this script phase.\necho \"SUCCESS\" > \"${SCRIPT_OUTPUT_FILE_0}\"\n";
			showEnvVarsInLog = 0;
		};
		7A7B60BD7957389F92B008F9 /* [CP] Check Pods Manifest.lock */ = {
			isa = PBXShellScriptBuildPhase;
			buildActionMask = 2147483647;
			files = (
			);
			inputFileListPaths = (
			);
			inputPaths = (
				"${PODS_PODFILE_DIR_PATH}/Podfile.lock",
				"${PODS_ROOT}/Manifest.lock",
			);
			name = "[CP] Check Pods Manifest.lock";
			outputFileListPaths = (
			);
			outputPaths = (
				"$(DERIVED_FILE_DIR)/Pods-CITestUITests-checkManifestLockResult.txt",
			);
			runOnlyForDeploymentPostprocessing = 0;
			shellPath = /bin/sh;
			shellScript = "diff \"${PODS_PODFILE_DIR_PATH}/Podfile.lock\" \"${PODS_ROOT}/Manifest.lock\" > /dev/null\nif [ $? != 0 ] ; then\n    # print error to STDERR\n    echo \"error: The sandbox is not in sync with the Podfile.lock. Run 'pod install' or update your CocoaPods installation.\" >&2\n    exit 1\nfi\n# This output is used by Xcode 'outputs' to avoid re-running this script phase.\necho \"SUCCESS\" > \"${SCRIPT_OUTPUT_FILE_0}\"\n";
			showEnvVarsInLog = 0;
		};
		C5DBDA8D0B5264F4727A362B /* [CP] Embed Pods Frameworks */ = {
			isa = PBXShellScriptBuildPhase;
			buildActionMask = 8;
			files = (
			);
			inputFileListPaths = (
				"${PODS_ROOT}/Target Support Files/Pods-CITest/Pods-CITest-frameworks-${CONFIGURATION}-input-files.xcfilelist",
			);
			name = "[CP] Embed Pods Frameworks";
			outputFileListPaths = (
				"${PODS_ROOT}/Target Support Files/Pods-CITest/Pods-CITest-frameworks-${CONFIGURATION}-output-files.xcfilelist",
			);
			runOnlyForDeploymentPostprocessing = 1;
			shellPath = /bin/sh;
			shellScript = "\"${PODS_ROOT}/Target Support Files/Pods-CITest/Pods-CITest-frameworks.sh\"\n";
			showEnvVarsInLog = 0;
		};
/* End PBXShellScriptBuildPhase section */

/* Begin PBXSourcesBuildPhase section */
		84D8A56622B77FF9005BEFBE /* Sources */ = {
			isa = PBXSourcesBuildPhase;
			buildActionMask = 2147483647;
			files = (
				84D8A59C22B7861B005BEFBE /* Api.swift in Sources */,
				84D8A57022B77FF9005BEFBE /* ViewController.swift in Sources */,
				84D8A56E22B77FF9005BEFBE /* AppDelegate.swift in Sources */,
			);
			runOnlyForDeploymentPostprocessing = 0;
		};
		84D8A57A22B77FFB005BEFBE /* Sources */ = {
			isa = PBXSourcesBuildPhase;
			buildActionMask = 2147483647;
			files = (
				84D8A58322B77FFB005BEFBE /* CITestTests.swift in Sources */,
			);
			runOnlyForDeploymentPostprocessing = 0;
		};
		84D8A58522B77FFB005BEFBE /* Sources */ = {
			isa = PBXSourcesBuildPhase;
			buildActionMask = 2147483647;
			files = (
				84D8A58E22B77FFB005BEFBE /* CITestUITests.swift in Sources */,
			);
			runOnlyForDeploymentPostprocessing = 0;
		};
/* End PBXSourcesBuildPhase section */

/* Begin PBXTargetDependency section */
		84D8A58022B77FFB005BEFBE /* PBXTargetDependency */ = {
			isa = PBXTargetDependency;
			target = 84D8A56922B77FF9005BEFBE /* CITest */;
			targetProxy = 84D8A57F22B77FFB005BEFBE /* PBXContainerItemProxy */;
		};
		84D8A58B22B77FFB005BEFBE /* PBXTargetDependency */ = {
			isa = PBXTargetDependency;
			target = 84D8A56922B77FF9005BEFBE /* CITest */;
			targetProxy = 84D8A58A22B77FFB005BEFBE /* PBXContainerItemProxy */;
		};
/* End PBXTargetDependency section */

/* Begin PBXVariantGroup section */
		84D8A57122B77FF9005BEFBE /* Main.storyboard */ = {
			isa = PBXVariantGroup;
			children = (
				84D8A57222B77FF9005BEFBE /* Base */,
			);
			name = Main.storyboard;
			sourceTree = "<group>";
		};
		84D8A57622B77FFB005BEFBE /* LaunchScreen.storyboard */ = {
			isa = PBXVariantGroup;
			children = (
				84D8A57722B77FFB005BEFBE /* Base */,
			);
			name = LaunchScreen.storyboard;
			sourceTree = "<group>";
		};
/* End PBXVariantGroup section */

/* Begin XCBuildConfiguration section */
		84D8A59022B77FFB005BEFBE /* Debug */ = {
			isa = XCBuildConfiguration;
			buildSettings = {
				ALWAYS_SEARCH_USER_PATHS = NO;
				CLANG_ANALYZER_NONNULL = YES;
				CLANG_ANALYZER_NUMBER_OBJECT_CONVERSION = YES_AGGRESSIVE;
				CLANG_CXX_LANGUAGE_STANDARD = "gnu++14";
				CLANG_CXX_LIBRARY = "libc++";
				CLANG_ENABLE_MODULES = YES;
				CLANG_ENABLE_OBJC_ARC = YES;
				CLANG_ENABLE_OBJC_WEAK = YES;
				CLANG_WARN_BLOCK_CAPTURE_AUTORELEASING = YES;
				CLANG_WARN_BOOL_CONVERSION = YES;
				CLANG_WARN_COMMA = YES;
				CLANG_WARN_CONSTANT_CONVERSION = YES;
				CLANG_WARN_DEPRECATED_OBJC_IMPLEMENTATIONS = YES;
				CLANG_WARN_DIRECT_OBJC_ISA_USAGE = YES_ERROR;
				CLANG_WARN_DOCUMENTATION_COMMENTS = YES;
				CLANG_WARN_EMPTY_BODY = YES;
				CLANG_WARN_ENUM_CONVERSION = YES;
				CLANG_WARN_INFINITE_RECURSION = YES;
				CLANG_WARN_INT_CONVERSION = YES;
				CLANG_WARN_NON_LITERAL_NULL_CONVERSION = YES;
				CLANG_WARN_OBJC_IMPLICIT_RETAIN_SELF = YES;
				CLANG_WARN_OBJC_LITERAL_CONVERSION = YES;
				CLANG_WARN_OBJC_ROOT_CLASS = YES_ERROR;
				CLANG_WARN_RANGE_LOOP_ANALYSIS = YES;
				CLANG_WARN_STRICT_PROTOTYPES = YES;
				CLANG_WARN_SUSPICIOUS_MOVE = YES;
				CLANG_WARN_UNGUARDED_AVAILABILITY = YES_AGGRESSIVE;
				CLANG_WARN_UNREACHABLE_CODE = YES;
				CLANG_WARN__DUPLICATE_METHOD_MATCH = YES;
				CODE_SIGN_IDENTITY = "iPhone Developer";
				COPY_PHASE_STRIP = NO;
				DEBUG_INFORMATION_FORMAT = dwarf;
				ENABLE_STRICT_OBJC_MSGSEND = YES;
				ENABLE_TESTABILITY = YES;
				GCC_C_LANGUAGE_STANDARD = gnu11;
				GCC_DYNAMIC_NO_PIC = NO;
				GCC_NO_COMMON_BLOCKS = YES;
				GCC_OPTIMIZATION_LEVEL = 0;
				GCC_PREPROCESSOR_DEFINITIONS = (
					"DEBUG=1",
					"$(inherited)",
				);
				GCC_WARN_64_TO_32_BIT_CONVERSION = YES;
				GCC_WARN_ABOUT_RETURN_TYPE = YES_ERROR;
				GCC_WARN_UNDECLARED_SELECTOR = YES;
				GCC_WARN_UNINITIALIZED_AUTOS = YES_AGGRESSIVE;
				GCC_WARN_UNUSED_FUNCTION = YES;
				GCC_WARN_UNUSED_VARIABLE = YES;
				IPHONEOS_DEPLOYMENT_TARGET = 12.2;
				MTL_ENABLE_DEBUG_INFO = INCLUDE_SOURCE;
				MTL_FAST_MATH = YES;
				ONLY_ACTIVE_ARCH = YES;
				SDKROOT = iphoneos;
				SWIFT_ACTIVE_COMPILATION_CONDITIONS = DEBUG;
				SWIFT_OPTIMIZATION_LEVEL = "-Onone";
			};
			name = Debug;
		};
		84D8A59122B77FFB005BEFBE /* Release */ = {
			isa = XCBuildConfiguration;
			buildSettings = {
				ALWAYS_SEARCH_USER_PATHS = NO;
				CLANG_ANALYZER_NONNULL = YES;
				CLANG_ANALYZER_NUMBER_OBJECT_CONVERSION = YES_AGGRESSIVE;
				CLANG_CXX_LANGUAGE_STANDARD = "gnu++14";
				CLANG_CXX_LIBRARY = "libc++";
				CLANG_ENABLE_MODULES = YES;
				CLANG_ENABLE_OBJC_ARC = YES;
				CLANG_ENABLE_OBJC_WEAK = YES;
				CLANG_WARN_BLOCK_CAPTURE_AUTORELEASING = YES;
				CLANG_WARN_BOOL_CONVERSION = YES;
				CLANG_WARN_COMMA = YES;
				CLANG_WARN_CONSTANT_CONVERSION = YES;
				CLANG_WARN_DEPRECATED_OBJC_IMPLEMENTATIONS = YES;
				CLANG_WARN_DIRECT_OBJC_ISA_USAGE = YES_ERROR;
				CLANG_WARN_DOCUMENTATION_COMMENTS = YES;
				CLANG_WARN_EMPTY_BODY = YES;
				CLANG_WARN_ENUM_CONVERSION = YES;
				CLANG_WARN_INFINITE_RECURSION = YES;
				CLANG_WARN_INT_CONVERSION = YES;
				CLANG_WARN_NON_LITERAL_NULL_CONVERSION = YES;
				CLANG_WARN_OBJC_IMPLICIT_RETAIN_SELF = YES;
				CLANG_WARN_OBJC_LITERAL_CONVERSION = YES;
				CLANG_WARN_OBJC_ROOT_CLASS = YES_ERROR;
				CLANG_WARN_RANGE_LOOP_ANALYSIS = YES;
				CLANG_WARN_STRICT_PROTOTYPES = YES;
				CLANG_WARN_SUSPICIOUS_MOVE = YES;
				CLANG_WARN_UNGUARDED_AVAILABILITY = YES_AGGRESSIVE;
				CLANG_WARN_UNREACHABLE_CODE = YES;
				CLANG_WARN__DUPLICATE_METHOD_MATCH = YES;
				CODE_SIGN_IDENTITY = "iPhone Developer";
				COPY_PHASE_STRIP = NO;
				DEBUG_INFORMATION_FORMAT = "dwarf-with-dsym";
				ENABLE_NS_ASSERTIONS = NO;
				ENABLE_STRICT_OBJC_MSGSEND = YES;
				GCC_C_LANGUAGE_STANDARD = gnu11;
				GCC_NO_COMMON_BLOCKS = YES;
				GCC_WARN_64_TO_32_BIT_CONVERSION = YES;
				GCC_WARN_ABOUT_RETURN_TYPE = YES_ERROR;
				GCC_WARN_UNDECLARED_SELECTOR = YES;
				GCC_WARN_UNINITIALIZED_AUTOS = YES_AGGRESSIVE;
				GCC_WARN_UNUSED_FUNCTION = YES;
				GCC_WARN_UNUSED_VARIABLE = YES;
				IPHONEOS_DEPLOYMENT_TARGET = 12.2;
				MTL_ENABLE_DEBUG_INFO = NO;
				MTL_FAST_MATH = YES;
				SDKROOT = iphoneos;
				SWIFT_COMPILATION_MODE = wholemodule;
				SWIFT_OPTIMIZATION_LEVEL = "-O";
				VALIDATE_PRODUCT = YES;
			};
			name = Release;
		};
		84D8A59322B77FFB005BEFBE /* Debug */ = {
			isa = XCBuildConfiguration;
			baseConfigurationReference = 332CFEDA498D06CFA889FF5C /* Pods-CITest.debug.xcconfig */;
			buildSettings = {
				ASSETCATALOG_COMPILER_APPICON_NAME = AppIcon;
				CODE_SIGN_STYLE = Automatic;
				DEVELOPMENT_TEAM = ZW3JZQL477;
				INFOPLIST_FILE = CITest/Info.plist;
				LD_RUNPATH_SEARCH_PATHS = (
					"$(inherited)",
					"@executable_path/Frameworks",
				);
				PRODUCT_BUNDLE_IDENTIFIER = com.schibstedbelarus.CITest;
				PRODUCT_NAME = "$(TARGET_NAME)";
				SWIFT_VERSION = 5.0;
				TARGETED_DEVICE_FAMILY = "1,2";
			};
			name = Debug;
		};
		84D8A59422B77FFB005BEFBE /* Release */ = {
			isa = XCBuildConfiguration;
			baseConfigurationReference = E036DFAFF5B6E72867D3DF14 /* Pods-CITest.release.xcconfig */;
			buildSettings = {
				ASSETCATALOG_COMPILER_APPICON_NAME = AppIcon;
				CODE_SIGN_STYLE = Automatic;
				DEVELOPMENT_TEAM = ZW3JZQL477;
				INFOPLIST_FILE = CITest/Info.plist;
				LD_RUNPATH_SEARCH_PATHS = (
					"$(inherited)",
					"@executable_path/Frameworks",
				);
				PRODUCT_BUNDLE_IDENTIFIER = com.schibstedbelarus.CITest;
				PRODUCT_NAME = "$(TARGET_NAME)";
				SWIFT_VERSION = 5.0;
				TARGETED_DEVICE_FAMILY = "1,2";
			};
			name = Release;
		};
		84D8A59622B77FFB005BEFBE /* Debug */ = {
			isa = XCBuildConfiguration;
			baseConfigurationReference = 4245A74BA65E8F262ACFA32F /* Pods-CITestTests.debug.xcconfig */;
			buildSettings = {
				ALWAYS_EMBED_SWIFT_STANDARD_LIBRARIES = YES;
				BUNDLE_LOADER = "$(TEST_HOST)";
				CODE_SIGN_STYLE = Automatic;
				DEVELOPMENT_TEAM = ZW3JZQL477;
				INFOPLIST_FILE = CITestTests/Info.plist;
				LD_RUNPATH_SEARCH_PATHS = (
					"$(inherited)",
					"@executable_path/Frameworks",
					"@loader_path/Frameworks",
				);
				PRODUCT_BUNDLE_IDENTIFIER = com.schibstedbelarus.CITestTests;
				PRODUCT_NAME = "$(TARGET_NAME)";
				SWIFT_VERSION = 5.0;
				TARGETED_DEVICE_FAMILY = "1,2";
				TEST_HOST = "$(BUILT_PRODUCTS_DIR)/CITest.app/CITest";
			};
			name = Debug;
		};
		84D8A59722B77FFB005BEFBE /* Release */ = {
			isa = XCBuildConfiguration;
			baseConfigurationReference = 29DF7E50C760370C71D73FFF /* Pods-CITestTests.release.xcconfig */;
			buildSettings = {
				ALWAYS_EMBED_SWIFT_STANDARD_LIBRARIES = YES;
				BUNDLE_LOADER = "$(TEST_HOST)";
				CODE_SIGN_STYLE = Automatic;
				DEVELOPMENT_TEAM = ZW3JZQL477;
				INFOPLIST_FILE = CITestTests/Info.plist;
				LD_RUNPATH_SEARCH_PATHS = (
					"$(inherited)",
					"@executable_path/Frameworks",
					"@loader_path/Frameworks",
				);
				PRODUCT_BUNDLE_IDENTIFIER = com.schibstedbelarus.CITestTests;
				PRODUCT_NAME = "$(TARGET_NAME)";
				SWIFT_VERSION = 5.0;
				TARGETED_DEVICE_FAMILY = "1,2";
				TEST_HOST = "$(BUILT_PRODUCTS_DIR)/CITest.app/CITest";
			};
			name = Release;
		};
		84D8A59922B77FFB005BEFBE /* Debug */ = {
			isa = XCBuildConfiguration;
			baseConfigurationReference = ED3FC49960B3FC21334EFBCB /* Pods-CITestUITests.debug.xcconfig */;
			buildSettings = {
				ALWAYS_EMBED_SWIFT_STANDARD_LIBRARIES = YES;
				CODE_SIGN_STYLE = Automatic;
				DEVELOPMENT_TEAM = ZW3JZQL477;
				INFOPLIST_FILE = CITestUITests/Info.plist;
				LD_RUNPATH_SEARCH_PATHS = (
					"$(inherited)",
					"@executable_path/Frameworks",
					"@loader_path/Frameworks",
				);
				PRODUCT_BUNDLE_IDENTIFIER = com.schibstedbelarus.CITestUITests;
				PRODUCT_NAME = "$(TARGET_NAME)";
				SWIFT_VERSION = 5.0;
				TARGETED_DEVICE_FAMILY = "1,2";
				TEST_TARGET_NAME = CITest;
			};
			name = Debug;
		};
		84D8A59A22B77FFB005BEFBE /* Release */ = {
			isa = XCBuildConfiguration;
			baseConfigurationReference = 4AC077ADC0C8A545CF7CA565 /* Pods-CITestUITests.release.xcconfig */;
			buildSettings = {
				ALWAYS_EMBED_SWIFT_STANDARD_LIBRARIES = YES;
				CODE_SIGN_STYLE = Automatic;
				DEVELOPMENT_TEAM = ZW3JZQL477;
				INFOPLIST_FILE = CITestUITests/Info.plist;
				LD_RUNPATH_SEARCH_PATHS = (
					"$(inherited)",
					"@executable_path/Frameworks",
					"@loader_path/Frameworks",
				);
				PRODUCT_BUNDLE_IDENTIFIER = com.schibstedbelarus.CITestUITests;
				PRODUCT_NAME = "$(TARGET_NAME)";
				SWIFT_VERSION = 5.0;
				TARGETED_DEVICE_FAMILY = "1,2";
				TEST_TARGET_NAME = CITest;
			};
			name = Release;
		};
/* End XCBuildConfiguration section */

/* Begin XCConfigurationList section */
		84D8A56522B77FF9005BEFBE /* Build configuration list for PBXProject "CITest" */ = {
			isa = XCConfigurationList;
			buildConfigurations = (
				84D8A59022B77FFB005BEFBE /* Debug */,
				84D8A59122B77FFB005BEFBE /* Release */,
			);
			defaultConfigurationIsVisible = 0;
			defaultConfigurationName = Release;
		};
		84D8A59222B77FFB005BEFBE /* Build configuration list for PBXNativeTarget "CITest" */ = {
			isa = XCConfigurationList;
			buildConfigurations = (
				84D8A59322B77FFB005BEFBE /* Debug */,
				84D8A59422B77FFB005BEFBE /* Release */,
			);
			defaultConfigurationIsVisible = 0;
			defaultConfigurationName = Release;
		};
		84D8A59522B77FFB005BEFBE /* Build configuration list for PBXNativeTarget "CITestTests" */ = {
			isa = XCConfigurationList;
			buildConfigurations = (
				84D8A59622B77FFB005BEFBE /* Debug */,
				84D8A59722B77FFB005BEFBE /* Release */,
			);
			defaultConfigurationIsVisible = 0;
			defaultConfigurationName = Release;
		};
		84D8A59822B77FFB005BEFBE /* Build configuration list for PBXNativeTarget "CITestUITests" */ = {
			isa = XCConfigurationList;
			buildConfigurations = (
				84D8A59922B77FFB005BEFBE /* Debug */,
				84D8A59A22B77FFB005BEFBE /* Release */,
			);
			defaultConfigurationIsVisible = 0;
			defaultConfigurationName = Release;
		};
/* End XCConfigurationList section */
	};
	rootObject = 84D8A56222B77FF9005BEFBE /* Project object */;
}
